
Microsoft Visual Studio Solution File, Format Version 12.00
# Visual Studio Version 16
VisualStudioVersion = 16.0.32602.291
MinimumVisualStudioVersion = 10.0.40219.1
Project("{FAE04EC0-301F-11D3-BF4B-00C04F79EFBC}") = "Hangfire App", "Hangfire App\Hangfire App.csproj", "{12D6F90B-9E39-4806-8777-72D3EB4747D5}"
EndProject
Global
	GlobalSection(SolutionConfigurationPlatforms) = preSolution
		Debug|Any CPU = Debug|Any CPU
		Release|Any CPU = Release|Any CPU
	EndGlobalSection
	GlobalSection(ProjectConfigurationPlatforms) = postSolution
		{12D6F90B-9E39-4806-8777-72D3EB4747D5}.Debug|Any CPU.ActiveCfg = Debug|Any CPU
		{12D6F90B-9E39-4806-8777-72D3EB4747D5}.Debug|Any CPU.Build.0 = Debug|Any CPU
		{12D6F90B-9E39-4806-8777-72D3EB4747D5}.Release|Any CPU.ActiveCfg = Release|Any CPU
		{12D6F90B-9E39-4806-8777-72D3EB4747D5}.Release|Any CPU.Build.0 = Release|Any CPU
	EndGlobalSection
	GlobalSection(SolutionProperties) = preSolution
		HideSolutionNode = FALSE
	EndGlobalSection
	GlobalSection(ExtensibilityGlobals) = postSolution
		SolutionGuid = {2B8F3C91-EF34-43EE-8054-3F666F1D028F}
	EndGlobalSection
EndGlobal
